
Microsoft Visual Studio Solution File, Format Version 12.00
# Visual Studio 14
VisualStudioVersion = 14.0.25420.1
MinimumVisualStudioVersion = 10.0.40219.1
Project("{FAE04EC0-301F-11D3-BF4B-00C04F79EFBC}") = "SHIPSite", "SHIPSite\SHIPSite.csproj", "{795EB0D5-D55C-49E0-B22D-E4638370FDCD}"
EndProject
Global
	GlobalSection(SolutionConfigurationPlatforms) = preSolution
		Debug|Any CPU = Debug|Any CPU
		Release|Any CPU = Release|Any CPU
	EndGlobalSection
	GlobalSection(ProjectConfigurationPlatforms) = postSolution
		{795EB0D5-D55C-49E0-B22D-E4638370FDCD}.Debug|Any CPU.ActiveCfg = Debug|Any CPU
		{795EB0D5-D55C-49E0-B22D-E4638370FDCD}.Debug|Any CPU.Build.0 = Debug|Any CPU
		{795EB0D5-D55C-49E0-B22D-E4638370FDCD}.Release|Any CPU.ActiveCfg = Release|Any CPU
		{795EB0D5-D55C-49E0-B22D-E4638370FDCD}.Release|Any CPU.Build.0 = Release|Any CPU
	EndGlobalSection
	GlobalSection(SolutionProperties) = preSolution
		HideSolutionNode = FALSE
	EndGlobalSection
EndGlobal
